
Microsoft Visual Studio Solution File, Format Version 12.00
# Visual Studio Version 17
VisualStudioVersion = 17.7.34024.191
MinimumVisualStudioVersion = 10.0.40219.1
Project("{FAE04EC0-301F-11D3-BF4B-00C04F79EFBC}") = "OOP-Lab04", "OOP-Lab04\OOP-Lab04.csproj", "{B3EB4195-432C-401E-8426-032D6C8AD224}"
EndProject
Global
	GlobalSection(SolutionConfigurationPlatforms) = preSolution
		Debug|Any CPU = Debug|Any CPU
		Release|Any CPU = Release|Any CPU
	EndGlobalSection
	GlobalSection(ProjectConfigurationPlatforms) = postSolution
		{B3EB4195-432C-401E-8426-032D6C8AD224}.Debug|Any CPU.ActiveCfg = Debug|Any CPU
		{B3EB4195-432C-401E-8426-032D6C8AD224}.Debug|Any CPU.Build.0 = Debug|Any CPU
		{B3EB4195-432C-401E-8426-032D6C8AD224}.Release|Any CPU.ActiveCfg = Release|Any CPU
		{B3EB4195-432C-401E-8426-032D6C8AD224}.Release|Any CPU.Build.0 = Release|Any CPU
	EndGlobalSection
	GlobalSection(SolutionProperties) = preSolution
		HideSolutionNode = FALSE
	EndGlobalSection
	GlobalSection(ExtensibilityGlobals) = postSolution
		SolutionGuid = {73A6FA1C-98E9-4FDB-B34A-27FB7ED89916}
	EndGlobalSection
EndGlobal
